
Microsoft Visual Studio Solution File, Format Version 12.00
# Visual Studio 2013
VisualStudioVersion = 12.0.21005.1
MinimumVisualStudioVersion = 10.0.40219.1
Project("{FAE04EC0-301F-11D3-BF4B-00C04F79EFBC}") = "Crib", "Crib\Crib.csproj", "{AA0ACB7F-F1D0-4FEE-ACEC-6360BA4F8973}"
EndProject
Project("{FAE04EC0-301F-11D3-BF4B-00C04F79EFBC}") = "Crib.Tests", "Crib.Tests\Crib.Tests.csproj", "{D2276473-D541-446F-8037-1CA39A5FB422}"
EndProject
Global
	GlobalSection(SolutionConfigurationPlatforms) = preSolution
		Debug|Any CPU = Debug|Any CPU
		Release|Any CPU = Release|Any CPU
	EndGlobalSection
	GlobalSection(ProjectConfigurationPlatforms) = postSolution
		{AA0ACB7F-F1D0-4FEE-ACEC-6360BA4F8973}.Debug|Any CPU.ActiveCfg = Debug|Any CPU
		{AA0ACB7F-F1D0-4FEE-ACEC-6360BA4F8973}.Debug|Any CPU.Build.0 = Debug|Any CPU
		{AA0ACB7F-F1D0-4FEE-ACEC-6360BA4F8973}.Release|Any CPU.ActiveCfg = Release|Any CPU
		{AA0ACB7F-F1D0-4FEE-ACEC-6360BA4F8973}.Release|Any CPU.Build.0 = Release|Any CPU
		{D2276473-D541-446F-8037-1CA39A5FB422}.Debug|Any CPU.ActiveCfg = Debug|Any CPU
		{D2276473-D541-446F-8037-1CA39A5FB422}.Debug|Any CPU.Build.0 = Debug|Any CPU
		{D2276473-D541-446F-8037-1CA39A5FB422}.Release|Any CPU.ActiveCfg = Release|Any CPU
		{D2276473-D541-446F-8037-1CA39A5FB422}.Release|Any CPU.Build.0 = Release|Any CPU
	EndGlobalSection
	GlobalSection(SolutionProperties) = preSolution
		HideSolutionNode = FALSE
	EndGlobalSection
EndGlobal
