
Microsoft Visual Studio Solution File, Format Version 11.00
# Visual Studio 2010
Project("{FAE04EC0-301F-11D3-BF4B-00C04F79EFBC}") = "Oak", "Oak\Oak.csproj", "{A84BD08C-2BFE-47B5-B68F-3DB1698FE71A}"
EndProject
Project("{FAE04EC0-301F-11D3-BF4B-00C04F79EFBC}") = "Oak.Tests", "Oak.Tests\Oak.Tests.csproj", "{D1CA0AB1-F357-47D7-BD33-D0CFCE066510}"
EndProject
Project("{2150E333-8FDC-42A3-9474-1A3956D46DE8}") = "Sample", "Sample", "{DEE9C86C-89DA-41D6-863B-3EBF1CBD6867}"
EndProject
Project("{FAE04EC0-301F-11D3-BF4B-00C04F79EFBC}") = "DynamicBlog", "DynamicBlog\DynamicBlog\DynamicBlog.csproj", "{EE5E2E7D-5DB6-4A57-91BD-6C2052ABE29B}"
EndProject
Project("{FAE04EC0-301F-11D3-BF4B-00C04F79EFBC}") = "DynamicBlog.Tests", "DynamicBlog\DynamicBlog.Tests\DynamicBlog.Tests.csproj", "{48616F74-9F4A-4FE1-9206-F8C764E92666}"
EndProject
Global
	GlobalSection(SolutionConfigurationPlatforms) = preSolution
		Debug|Any CPU = Debug|Any CPU
		Release|Any CPU = Release|Any CPU
	EndGlobalSection
	GlobalSection(ProjectConfigurationPlatforms) = postSolution
		{A84BD08C-2BFE-47B5-B68F-3DB1698FE71A}.Debug|Any CPU.ActiveCfg = Debug|Any CPU
		{A84BD08C-2BFE-47B5-B68F-3DB1698FE71A}.Debug|Any CPU.Build.0 = Debug|Any CPU
		{A84BD08C-2BFE-47B5-B68F-3DB1698FE71A}.Release|Any CPU.ActiveCfg = Release|Any CPU
		{A84BD08C-2BFE-47B5-B68F-3DB1698FE71A}.Release|Any CPU.Build.0 = Release|Any CPU
		{D1CA0AB1-F357-47D7-BD33-D0CFCE066510}.Debug|Any CPU.ActiveCfg = Debug|Any CPU
		{D1CA0AB1-F357-47D7-BD33-D0CFCE066510}.Debug|Any CPU.Build.0 = Debug|Any CPU
		{D1CA0AB1-F357-47D7-BD33-D0CFCE066510}.Release|Any CPU.ActiveCfg = Release|Any CPU
		{D1CA0AB1-F357-47D7-BD33-D0CFCE066510}.Release|Any CPU.Build.0 = Release|Any CPU
		{EE5E2E7D-5DB6-4A57-91BD-6C2052ABE29B}.Debug|Any CPU.ActiveCfg = Debug|Any CPU
		{EE5E2E7D-5DB6-4A57-91BD-6C2052ABE29B}.Debug|Any CPU.Build.0 = Debug|Any CPU
		{EE5E2E7D-5DB6-4A57-91BD-6C2052ABE29B}.Release|Any CPU.ActiveCfg = Release|Any CPU
		{EE5E2E7D-5DB6-4A57-91BD-6C2052ABE29B}.Release|Any CPU.Build.0 = Release|Any CPU
		{48616F74-9F4A-4FE1-9206-F8C764E92666}.Debug|Any CPU.ActiveCfg = Debug|Any CPU
		{48616F74-9F4A-4FE1-9206-F8C764E92666}.Debug|Any CPU.Build.0 = Debug|Any CPU
		{48616F74-9F4A-4FE1-9206-F8C764E92666}.Release|Any CPU.ActiveCfg = Release|Any CPU
		{48616F74-9F4A-4FE1-9206-F8C764E92666}.Release|Any CPU.Build.0 = Release|Any CPU
	EndGlobalSection
	GlobalSection(SolutionProperties) = preSolution
		HideSolutionNode = FALSE
	EndGlobalSection
	GlobalSection(NestedProjects) = preSolution
		{EE5E2E7D-5DB6-4A57-91BD-6C2052ABE29B} = {DEE9C86C-89DA-41D6-863B-3EBF1CBD6867}
		{48616F74-9F4A-4FE1-9206-F8C764E92666} = {DEE9C86C-89DA-41D6-863B-3EBF1CBD6867}
	EndGlobalSection
EndGlobal
