
Microsoft Visual Studio Solution File, Format Version 11.00
# Visual Studio 2010
Project("{FAE04EC0-301F-11D3-BF4B-00C04F79EFBC}") = "Oak", "Oak\Oak.csproj", "{A84BD08C-2BFE-47B5-B68F-3DB1698FE71A}"
EndProject
Project("{FAE04EC0-301F-11D3-BF4B-00C04F79EFBC}") = "Oak.Tests", "Oak.Tests\Oak.Tests.csproj", "{D1CA0AB1-F357-47D7-BD33-D0CFCE066510}"
EndProject
Project("{2150E333-8FDC-42A3-9474-1A3956D46DE8}") = "Sample Apps", "Sample Apps", "{DEE9C86C-89DA-41D6-863B-3EBF1CBD6867}"
EndProject
Project("{2150E333-8FDC-42A3-9474-1A3956D46DE8}") = "Hello World Sample App", "Hello World Sample App", "{1A7F5D21-54B4-4DAC-96CE-9A0F8B59F301}"
EndProject
Project("{2150E333-8FDC-42A3-9474-1A3956D46DE8}") = "Reference Implementation", "Reference Implementation", "{6C696D83-1495-487D-9E6B-6A2C37566E5A}"
EndProject
Project("{FAE04EC0-301F-11D3-BF4B-00C04F79EFBC}") = "DynamicBlog", "Sample Apps\DynamicBlog\DynamicBlog\DynamicBlog.csproj", "{EE5E2E7D-5DB6-4A57-91BD-6C2052ABE29B}"
EndProject
Project("{FAE04EC0-301F-11D3-BF4B-00C04F79EFBC}") = "DynamicBlog.Tests", "Sample Apps\DynamicBlog\DynamicBlog.Tests\DynamicBlog.Tests.csproj", "{48616F74-9F4A-4FE1-9206-F8C764E92666}"
EndProject
Project("{FAE04EC0-301F-11D3-BF4B-00C04F79EFBC}") = "BorrowedGames", "Sample Apps\BorrowedGames\BorrowedGames\BorrowedGames.csproj", "{2E5DEFA5-5D21-4C20-AD94-36F151189E70}"
EndProject
Project("{FAE04EC0-301F-11D3-BF4B-00C04F79EFBC}") = "BorrowedGames.Tests", "Sample Apps\BorrowedGames\BorrowedGames.Tests\BorrowedGames.Tests.csproj", "{3BC46596-ECBE-4C1C-A6F4-99211F2137C5}"
EndProject
Project("{F2A71F9B-5D33-465A-A702-920D77279786}") = "BorrowedGames.UI.Tests", "Sample Apps\BorrowedGames\BorrowedGames.UI.Tests\BorrowedGames.UI.Tests.fsproj", "{401082FB-4C45-4688-94EE-298C5163FC11}"
EndProject
Global
	GlobalSection(SolutionConfigurationPlatforms) = preSolution
		Debug|Any CPU = Debug|Any CPU
		Debug|Mixed Platforms = Debug|Mixed Platforms
		Debug|x86 = Debug|x86
		Release|Any CPU = Release|Any CPU
		Release|Mixed Platforms = Release|Mixed Platforms
		Release|x86 = Release|x86
	EndGlobalSection
	GlobalSection(ProjectConfigurationPlatforms) = postSolution
		{A84BD08C-2BFE-47B5-B68F-3DB1698FE71A}.Debug|Any CPU.ActiveCfg = Debug|Any CPU
		{A84BD08C-2BFE-47B5-B68F-3DB1698FE71A}.Debug|Any CPU.Build.0 = Debug|Any CPU
		{A84BD08C-2BFE-47B5-B68F-3DB1698FE71A}.Debug|Mixed Platforms.ActiveCfg = Debug|Any CPU
		{A84BD08C-2BFE-47B5-B68F-3DB1698FE71A}.Debug|Mixed Platforms.Build.0 = Debug|Any CPU
		{A84BD08C-2BFE-47B5-B68F-3DB1698FE71A}.Debug|x86.ActiveCfg = Debug|Any CPU
		{A84BD08C-2BFE-47B5-B68F-3DB1698FE71A}.Release|Any CPU.ActiveCfg = Release|Any CPU
		{A84BD08C-2BFE-47B5-B68F-3DB1698FE71A}.Release|Any CPU.Build.0 = Release|Any CPU
		{A84BD08C-2BFE-47B5-B68F-3DB1698FE71A}.Release|Mixed Platforms.ActiveCfg = Release|Any CPU
		{A84BD08C-2BFE-47B5-B68F-3DB1698FE71A}.Release|Mixed Platforms.Build.0 = Release|Any CPU
		{A84BD08C-2BFE-47B5-B68F-3DB1698FE71A}.Release|x86.ActiveCfg = Release|Any CPU
		{D1CA0AB1-F357-47D7-BD33-D0CFCE066510}.Debug|Any CPU.ActiveCfg = Debug|Any CPU
		{D1CA0AB1-F357-47D7-BD33-D0CFCE066510}.Debug|Any CPU.Build.0 = Debug|Any CPU
		{D1CA0AB1-F357-47D7-BD33-D0CFCE066510}.Debug|Mixed Platforms.ActiveCfg = Debug|Any CPU
		{D1CA0AB1-F357-47D7-BD33-D0CFCE066510}.Debug|Mixed Platforms.Build.0 = Debug|Any CPU
		{D1CA0AB1-F357-47D7-BD33-D0CFCE066510}.Debug|x86.ActiveCfg = Debug|Any CPU
		{D1CA0AB1-F357-47D7-BD33-D0CFCE066510}.Release|Any CPU.ActiveCfg = Release|Any CPU
		{D1CA0AB1-F357-47D7-BD33-D0CFCE066510}.Release|Any CPU.Build.0 = Release|Any CPU
		{D1CA0AB1-F357-47D7-BD33-D0CFCE066510}.Release|Mixed Platforms.ActiveCfg = Release|Any CPU
		{D1CA0AB1-F357-47D7-BD33-D0CFCE066510}.Release|Mixed Platforms.Build.0 = Release|Any CPU
		{D1CA0AB1-F357-47D7-BD33-D0CFCE066510}.Release|x86.ActiveCfg = Release|Any CPU
		{EE5E2E7D-5DB6-4A57-91BD-6C2052ABE29B}.Debug|Any CPU.ActiveCfg = Debug|Any CPU
		{EE5E2E7D-5DB6-4A57-91BD-6C2052ABE29B}.Debug|Any CPU.Build.0 = Debug|Any CPU
		{EE5E2E7D-5DB6-4A57-91BD-6C2052ABE29B}.Debug|Mixed Platforms.ActiveCfg = Debug|Any CPU
		{EE5E2E7D-5DB6-4A57-91BD-6C2052ABE29B}.Debug|Mixed Platforms.Build.0 = Debug|Any CPU
		{EE5E2E7D-5DB6-4A57-91BD-6C2052ABE29B}.Debug|x86.ActiveCfg = Debug|Any CPU
		{EE5E2E7D-5DB6-4A57-91BD-6C2052ABE29B}.Release|Any CPU.ActiveCfg = Release|Any CPU
		{EE5E2E7D-5DB6-4A57-91BD-6C2052ABE29B}.Release|Any CPU.Build.0 = Release|Any CPU
		{EE5E2E7D-5DB6-4A57-91BD-6C2052ABE29B}.Release|Mixed Platforms.ActiveCfg = Release|Any CPU
		{EE5E2E7D-5DB6-4A57-91BD-6C2052ABE29B}.Release|Mixed Platforms.Build.0 = Release|Any CPU
		{EE5E2E7D-5DB6-4A57-91BD-6C2052ABE29B}.Release|x86.ActiveCfg = Release|Any CPU
		{48616F74-9F4A-4FE1-9206-F8C764E92666}.Debug|Any CPU.ActiveCfg = Debug|Any CPU
		{48616F74-9F4A-4FE1-9206-F8C764E92666}.Debug|Any CPU.Build.0 = Debug|Any CPU
		{48616F74-9F4A-4FE1-9206-F8C764E92666}.Debug|Mixed Platforms.ActiveCfg = Debug|Any CPU
		{48616F74-9F4A-4FE1-9206-F8C764E92666}.Debug|Mixed Platforms.Build.0 = Debug|Any CPU
		{48616F74-9F4A-4FE1-9206-F8C764E92666}.Debug|x86.ActiveCfg = Debug|Any CPU
		{48616F74-9F4A-4FE1-9206-F8C764E92666}.Release|Any CPU.ActiveCfg = Release|Any CPU
		{48616F74-9F4A-4FE1-9206-F8C764E92666}.Release|Any CPU.Build.0 = Release|Any CPU
		{48616F74-9F4A-4FE1-9206-F8C764E92666}.Release|Mixed Platforms.ActiveCfg = Release|Any CPU
		{48616F74-9F4A-4FE1-9206-F8C764E92666}.Release|Mixed Platforms.Build.0 = Release|Any CPU
		{48616F74-9F4A-4FE1-9206-F8C764E92666}.Release|x86.ActiveCfg = Release|Any CPU
		{2E5DEFA5-5D21-4C20-AD94-36F151189E70}.Debug|Any CPU.ActiveCfg = Debug|Any CPU
		{2E5DEFA5-5D21-4C20-AD94-36F151189E70}.Debug|Any CPU.Build.0 = Debug|Any CPU
		{2E5DEFA5-5D21-4C20-AD94-36F151189E70}.Debug|Mixed Platforms.ActiveCfg = Debug|Any CPU
		{2E5DEFA5-5D21-4C20-AD94-36F151189E70}.Debug|Mixed Platforms.Build.0 = Debug|Any CPU
		{2E5DEFA5-5D21-4C20-AD94-36F151189E70}.Debug|x86.ActiveCfg = Debug|Any CPU
		{2E5DEFA5-5D21-4C20-AD94-36F151189E70}.Release|Any CPU.ActiveCfg = Release|Any CPU
		{2E5DEFA5-5D21-4C20-AD94-36F151189E70}.Release|Any CPU.Build.0 = Release|Any CPU
		{2E5DEFA5-5D21-4C20-AD94-36F151189E70}.Release|Mixed Platforms.ActiveCfg = Release|Any CPU
		{2E5DEFA5-5D21-4C20-AD94-36F151189E70}.Release|Mixed Platforms.Build.0 = Release|Any CPU
		{2E5DEFA5-5D21-4C20-AD94-36F151189E70}.Release|x86.ActiveCfg = Release|Any CPU
		{3BC46596-ECBE-4C1C-A6F4-99211F2137C5}.Debug|Any CPU.ActiveCfg = Debug|Any CPU
		{3BC46596-ECBE-4C1C-A6F4-99211F2137C5}.Debug|Any CPU.Build.0 = Debug|Any CPU
		{3BC46596-ECBE-4C1C-A6F4-99211F2137C5}.Debug|Mixed Platforms.ActiveCfg = Debug|Any CPU
		{3BC46596-ECBE-4C1C-A6F4-99211F2137C5}.Debug|Mixed Platforms.Build.0 = Debug|Any CPU
		{3BC46596-ECBE-4C1C-A6F4-99211F2137C5}.Debug|x86.ActiveCfg = Debug|Any CPU
		{3BC46596-ECBE-4C1C-A6F4-99211F2137C5}.Release|Any CPU.ActiveCfg = Release|Any CPU
		{3BC46596-ECBE-4C1C-A6F4-99211F2137C5}.Release|Any CPU.Build.0 = Release|Any CPU
		{3BC46596-ECBE-4C1C-A6F4-99211F2137C5}.Release|Mixed Platforms.ActiveCfg = Release|Any CPU
		{3BC46596-ECBE-4C1C-A6F4-99211F2137C5}.Release|Mixed Platforms.Build.0 = Release|Any CPU
		{3BC46596-ECBE-4C1C-A6F4-99211F2137C5}.Release|x86.ActiveCfg = Release|Any CPU
		{401082FB-4C45-4688-94EE-298C5163FC11}.Debug|Any CPU.ActiveCfg = Debug|x86
		{401082FB-4C45-4688-94EE-298C5163FC11}.Debug|Mixed Platforms.ActiveCfg = Debug|x86
		{401082FB-4C45-4688-94EE-298C5163FC11}.Debug|Mixed Platforms.Build.0 = Debug|x86
		{401082FB-4C45-4688-94EE-298C5163FC11}.Debug|x86.ActiveCfg = Debug|x86
		{401082FB-4C45-4688-94EE-298C5163FC11}.Debug|x86.Build.0 = Debug|x86
		{401082FB-4C45-4688-94EE-298C5163FC11}.Release|Any CPU.ActiveCfg = Release|x86
		{401082FB-4C45-4688-94EE-298C5163FC11}.Release|Mixed Platforms.ActiveCfg = Release|x86
		{401082FB-4C45-4688-94EE-298C5163FC11}.Release|Mixed Platforms.Build.0 = Release|x86
		{401082FB-4C45-4688-94EE-298C5163FC11}.Release|x86.ActiveCfg = Release|x86
		{401082FB-4C45-4688-94EE-298C5163FC11}.Release|x86.Build.0 = Release|x86
	EndGlobalSection
	GlobalSection(SolutionProperties) = preSolution
		HideSolutionNode = FALSE
	EndGlobalSection
	GlobalSection(NestedProjects) = preSolution
		{1A7F5D21-54B4-4DAC-96CE-9A0F8B59F301} = {DEE9C86C-89DA-41D6-863B-3EBF1CBD6867}
		{6C696D83-1495-487D-9E6B-6A2C37566E5A} = {DEE9C86C-89DA-41D6-863B-3EBF1CBD6867}
		{EE5E2E7D-5DB6-4A57-91BD-6C2052ABE29B} = {1A7F5D21-54B4-4DAC-96CE-9A0F8B59F301}
		{48616F74-9F4A-4FE1-9206-F8C764E92666} = {1A7F5D21-54B4-4DAC-96CE-9A0F8B59F301}
		{401082FB-4C45-4688-94EE-298C5163FC11} = {1A7F5D21-54B4-4DAC-96CE-9A0F8B59F301}
		{2E5DEFA5-5D21-4C20-AD94-36F151189E70} = {6C696D83-1495-487D-9E6B-6A2C37566E5A}
		{3BC46596-ECBE-4C1C-A6F4-99211F2137C5} = {6C696D83-1495-487D-9E6B-6A2C37566E5A}
	EndGlobalSection
EndGlobal
