
Microsoft Visual Studio Solution File, Format Version 12.00
# Visual Studio 2013
VisualStudioVersion = 12.0.21005.1
MinimumVisualStudioVersion = 10.0.40219.1
Project("{FAE04EC0-301F-11D3-BF4B-00C04F79EFBC}") = "BorrowedGames", "BorrowedGames\BorrowedGames.csproj", "{CF1B5608-50C6-4B9A-8228-5DF2F57243E6}"
EndProject
Project("{FAE04EC0-301F-11D3-BF4B-00C04F79EFBC}") = "BorrowedGames.Import", "BorrowedGames.Import\BorrowedGames.Import.csproj", "{92910D81-BEF0-4151-B6FD-4B5406C835F2}"
EndProject
Project("{FAE04EC0-301F-11D3-BF4B-00C04F79EFBC}") = "BorrowedGames.SchemaGen", "BorrowedGames.SchemaGen\BorrowedGames.SchemaGen.csproj", "{C4CACF56-1A0D-4205-B24B-A4E5181AF1BD}"
EndProject
Project("{FAE04EC0-301F-11D3-BF4B-00C04F79EFBC}") = "BorrowedGames.Tests", "BorrowedGames.Tests\BorrowedGames.Tests.csproj", "{DBD4A3C7-80E2-496D-8583-05B7D4154175}"
EndProject
Project("{F2A71F9B-5D33-465A-A702-920D77279786}") = "BorrowedGames.UI.Tests", "BorrowedGames.UI.Tests\BorrowedGames.UI.Tests.fsproj", "{BA9DA726-F6A1-4743-81E2-72DBC0CAB6BA}"
EndProject
Global
	GlobalSection(SolutionConfigurationPlatforms) = preSolution
		Debug|Any CPU = Debug|Any CPU
		Debug|Mixed Platforms = Debug|Mixed Platforms
		Debug|x86 = Debug|x86
		Release|Any CPU = Release|Any CPU
		Release|Mixed Platforms = Release|Mixed Platforms
		Release|x86 = Release|x86
	EndGlobalSection
	GlobalSection(ProjectConfigurationPlatforms) = postSolution
		{CF1B5608-50C6-4B9A-8228-5DF2F57243E6}.Debug|Any CPU.ActiveCfg = Debug|Any CPU
		{CF1B5608-50C6-4B9A-8228-5DF2F57243E6}.Debug|Any CPU.Build.0 = Debug|Any CPU
		{CF1B5608-50C6-4B9A-8228-5DF2F57243E6}.Debug|Mixed Platforms.ActiveCfg = Debug|Any CPU
		{CF1B5608-50C6-4B9A-8228-5DF2F57243E6}.Debug|Mixed Platforms.Build.0 = Debug|Any CPU
		{CF1B5608-50C6-4B9A-8228-5DF2F57243E6}.Debug|x86.ActiveCfg = Debug|Any CPU
		{CF1B5608-50C6-4B9A-8228-5DF2F57243E6}.Release|Any CPU.ActiveCfg = Release|Any CPU
		{CF1B5608-50C6-4B9A-8228-5DF2F57243E6}.Release|Any CPU.Build.0 = Release|Any CPU
		{CF1B5608-50C6-4B9A-8228-5DF2F57243E6}.Release|Mixed Platforms.ActiveCfg = Release|Any CPU
		{CF1B5608-50C6-4B9A-8228-5DF2F57243E6}.Release|Mixed Platforms.Build.0 = Release|Any CPU
		{CF1B5608-50C6-4B9A-8228-5DF2F57243E6}.Release|x86.ActiveCfg = Release|Any CPU
		{92910D81-BEF0-4151-B6FD-4B5406C835F2}.Debug|Any CPU.ActiveCfg = Debug|x86
		{92910D81-BEF0-4151-B6FD-4B5406C835F2}.Debug|Mixed Platforms.ActiveCfg = Debug|x86
		{92910D81-BEF0-4151-B6FD-4B5406C835F2}.Debug|Mixed Platforms.Build.0 = Debug|x86
		{92910D81-BEF0-4151-B6FD-4B5406C835F2}.Debug|x86.ActiveCfg = Debug|x86
		{92910D81-BEF0-4151-B6FD-4B5406C835F2}.Debug|x86.Build.0 = Debug|x86
		{92910D81-BEF0-4151-B6FD-4B5406C835F2}.Release|Any CPU.ActiveCfg = Release|x86
		{92910D81-BEF0-4151-B6FD-4B5406C835F2}.Release|Mixed Platforms.ActiveCfg = Release|x86
		{92910D81-BEF0-4151-B6FD-4B5406C835F2}.Release|Mixed Platforms.Build.0 = Release|x86
		{92910D81-BEF0-4151-B6FD-4B5406C835F2}.Release|x86.ActiveCfg = Release|x86
		{92910D81-BEF0-4151-B6FD-4B5406C835F2}.Release|x86.Build.0 = Release|x86
		{C4CACF56-1A0D-4205-B24B-A4E5181AF1BD}.Debug|Any CPU.ActiveCfg = Debug|x86
		{C4CACF56-1A0D-4205-B24B-A4E5181AF1BD}.Debug|Mixed Platforms.ActiveCfg = Debug|x86
		{C4CACF56-1A0D-4205-B24B-A4E5181AF1BD}.Debug|Mixed Platforms.Build.0 = Debug|x86
		{C4CACF56-1A0D-4205-B24B-A4E5181AF1BD}.Debug|x86.ActiveCfg = Debug|x86
		{C4CACF56-1A0D-4205-B24B-A4E5181AF1BD}.Debug|x86.Build.0 = Debug|x86
		{C4CACF56-1A0D-4205-B24B-A4E5181AF1BD}.Release|Any CPU.ActiveCfg = Release|x86
		{C4CACF56-1A0D-4205-B24B-A4E5181AF1BD}.Release|Mixed Platforms.ActiveCfg = Release|x86
		{C4CACF56-1A0D-4205-B24B-A4E5181AF1BD}.Release|Mixed Platforms.Build.0 = Release|x86
		{C4CACF56-1A0D-4205-B24B-A4E5181AF1BD}.Release|x86.ActiveCfg = Release|x86
		{C4CACF56-1A0D-4205-B24B-A4E5181AF1BD}.Release|x86.Build.0 = Release|x86
		{DBD4A3C7-80E2-496D-8583-05B7D4154175}.Debug|Any CPU.ActiveCfg = Debug|Any CPU
		{DBD4A3C7-80E2-496D-8583-05B7D4154175}.Debug|Any CPU.Build.0 = Debug|Any CPU
		{DBD4A3C7-80E2-496D-8583-05B7D4154175}.Debug|Mixed Platforms.ActiveCfg = Debug|Any CPU
		{DBD4A3C7-80E2-496D-8583-05B7D4154175}.Debug|Mixed Platforms.Build.0 = Debug|Any CPU
		{DBD4A3C7-80E2-496D-8583-05B7D4154175}.Debug|x86.ActiveCfg = Debug|Any CPU
		{DBD4A3C7-80E2-496D-8583-05B7D4154175}.Release|Any CPU.ActiveCfg = Release|Any CPU
		{DBD4A3C7-80E2-496D-8583-05B7D4154175}.Release|Any CPU.Build.0 = Release|Any CPU
		{DBD4A3C7-80E2-496D-8583-05B7D4154175}.Release|Mixed Platforms.ActiveCfg = Release|Any CPU
		{DBD4A3C7-80E2-496D-8583-05B7D4154175}.Release|Mixed Platforms.Build.0 = Release|Any CPU
		{DBD4A3C7-80E2-496D-8583-05B7D4154175}.Release|x86.ActiveCfg = Release|Any CPU
		{BA9DA726-F6A1-4743-81E2-72DBC0CAB6BA}.Debug|Any CPU.ActiveCfg = Debug|Any CPU
		{BA9DA726-F6A1-4743-81E2-72DBC0CAB6BA}.Debug|Any CPU.Build.0 = Debug|Any CPU
		{BA9DA726-F6A1-4743-81E2-72DBC0CAB6BA}.Debug|Mixed Platforms.ActiveCfg = Debug|Any CPU
		{BA9DA726-F6A1-4743-81E2-72DBC0CAB6BA}.Debug|Mixed Platforms.Build.0 = Debug|Any CPU
		{BA9DA726-F6A1-4743-81E2-72DBC0CAB6BA}.Debug|x86.ActiveCfg = Debug|Any CPU
		{BA9DA726-F6A1-4743-81E2-72DBC0CAB6BA}.Release|Any CPU.ActiveCfg = Release|Any CPU
		{BA9DA726-F6A1-4743-81E2-72DBC0CAB6BA}.Release|Any CPU.Build.0 = Release|Any CPU
		{BA9DA726-F6A1-4743-81E2-72DBC0CAB6BA}.Release|Mixed Platforms.ActiveCfg = Release|Any CPU
		{BA9DA726-F6A1-4743-81E2-72DBC0CAB6BA}.Release|Mixed Platforms.Build.0 = Release|Any CPU
		{BA9DA726-F6A1-4743-81E2-72DBC0CAB6BA}.Release|x86.ActiveCfg = Release|Any CPU
	EndGlobalSection
	GlobalSection(SolutionProperties) = preSolution
		HideSolutionNode = FALSE
	EndGlobalSection
EndGlobal
