
Microsoft Visual Studio Solution File, Format Version 12.00
# Visual Studio 2013
VisualStudioVersion = 12.0.21005.1
MinimumVisualStudioVersion = 10.0.40219.1
Project("{FAE04EC0-301F-11D3-BF4B-00C04F79EFBC}") = "DynamicBlog", "DynamicBlog\DynamicBlog.csproj", "{0A2C46AD-CCF1-46C7-ACD9-F4A8EEF1F0D3}"
EndProject
Project("{FAE04EC0-301F-11D3-BF4B-00C04F79EFBC}") = "DynamicBlog.Tests", "DynamicBlog.Tests\DynamicBlog.Tests.csproj", "{80FF72CE-DFCC-475E-B7E4-5E68AEF4E548}"
EndProject
Global
	GlobalSection(SolutionConfigurationPlatforms) = preSolution
		Debug|Any CPU = Debug|Any CPU
		Release|Any CPU = Release|Any CPU
	EndGlobalSection
	GlobalSection(ProjectConfigurationPlatforms) = postSolution
		{0A2C46AD-CCF1-46C7-ACD9-F4A8EEF1F0D3}.Debug|Any CPU.ActiveCfg = Debug|Any CPU
		{0A2C46AD-CCF1-46C7-ACD9-F4A8EEF1F0D3}.Debug|Any CPU.Build.0 = Debug|Any CPU
		{0A2C46AD-CCF1-46C7-ACD9-F4A8EEF1F0D3}.Release|Any CPU.ActiveCfg = Release|Any CPU
		{0A2C46AD-CCF1-46C7-ACD9-F4A8EEF1F0D3}.Release|Any CPU.Build.0 = Release|Any CPU
		{80FF72CE-DFCC-475E-B7E4-5E68AEF4E548}.Debug|Any CPU.ActiveCfg = Debug|Any CPU
		{80FF72CE-DFCC-475E-B7E4-5E68AEF4E548}.Debug|Any CPU.Build.0 = Debug|Any CPU
		{80FF72CE-DFCC-475E-B7E4-5E68AEF4E548}.Release|Any CPU.ActiveCfg = Release|Any CPU
		{80FF72CE-DFCC-475E-B7E4-5E68AEF4E548}.Release|Any CPU.Build.0 = Release|Any CPU
	EndGlobalSection
	GlobalSection(SolutionProperties) = preSolution
		HideSolutionNode = FALSE
	EndGlobalSection
EndGlobal
