
Microsoft Visual Studio Solution File, Format Version 12.00
# Visual Studio 2013
VisualStudioVersion = 12.0.21005.1
MinimumVisualStudioVersion = 10.0.40219.1
Project("{FAE04EC0-301F-11D3-BF4B-00C04F79EFBC}") = "TaskRabbits", "TaskRabbits\TaskRabbits.csproj", "{5C8483A0-82CE-4306-B3C0-CD988CDFAC78}"
EndProject
Project("{FAE04EC0-301F-11D3-BF4B-00C04F79EFBC}") = "TaskRabbits.Tests", "TaskRabbits.Tests\TaskRabbits.Tests.csproj", "{A1608CEA-D0F5-4013-AD85-79C1A49C1E27}"
EndProject
Project("{F2A71F9B-5D33-465A-A702-920D77279786}") = "TaskRabbits.UITests", "TaskRabbits.UITests\TaskRabbits.UITests.fsproj", "{D9098468-55B1-4526-B555-C5865B2F6262}"
EndProject
Global
	GlobalSection(SolutionConfigurationPlatforms) = preSolution
		Debug|Any CPU = Debug|Any CPU
		Release|Any CPU = Release|Any CPU
	EndGlobalSection
	GlobalSection(ProjectConfigurationPlatforms) = postSolution
		{5C8483A0-82CE-4306-B3C0-CD988CDFAC78}.Debug|Any CPU.ActiveCfg = Debug|Any CPU
		{5C8483A0-82CE-4306-B3C0-CD988CDFAC78}.Debug|Any CPU.Build.0 = Debug|Any CPU
		{5C8483A0-82CE-4306-B3C0-CD988CDFAC78}.Release|Any CPU.ActiveCfg = Release|Any CPU
		{5C8483A0-82CE-4306-B3C0-CD988CDFAC78}.Release|Any CPU.Build.0 = Release|Any CPU
		{A1608CEA-D0F5-4013-AD85-79C1A49C1E27}.Debug|Any CPU.ActiveCfg = Debug|Any CPU
		{A1608CEA-D0F5-4013-AD85-79C1A49C1E27}.Debug|Any CPU.Build.0 = Debug|Any CPU
		{A1608CEA-D0F5-4013-AD85-79C1A49C1E27}.Release|Any CPU.ActiveCfg = Release|Any CPU
		{A1608CEA-D0F5-4013-AD85-79C1A49C1E27}.Release|Any CPU.Build.0 = Release|Any CPU
		{D9098468-55B1-4526-B555-C5865B2F6262}.Debug|Any CPU.ActiveCfg = Debug|x86
		{D9098468-55B1-4526-B555-C5865B2F6262}.Debug|Any CPU.Build.0 = Debug|x86
		{D9098468-55B1-4526-B555-C5865B2F6262}.Release|Any CPU.ActiveCfg = Release|x86
	EndGlobalSection
	GlobalSection(SolutionProperties) = preSolution
		HideSolutionNode = FALSE
	EndGlobalSection
EndGlobal
