
Microsoft Visual Studio Solution File, Format Version 12.00
# Visual Studio 2013
VisualStudioVersion = 12.0.21005.1
MinimumVisualStudioVersion = 10.0.40219.1
Project("{FAE04EC0-301F-11D3-BF4B-00C04F79EFBC}") = "Peeps", "Peeps\Peeps.csproj", "{4474409D-0154-41C7-9022-B95508C6DDE3}"
EndProject
Project("{FAE04EC0-301F-11D3-BF4B-00C04F79EFBC}") = "Peeps.Tests", "Peeps.Tests\Peeps.Tests.csproj", "{6B17BB1A-5BBA-4DC6-95C6-1BEA84B69E1E}"
EndProject
Global
	GlobalSection(SolutionConfigurationPlatforms) = preSolution
		Debug|Any CPU = Debug|Any CPU
		Release|Any CPU = Release|Any CPU
	EndGlobalSection
	GlobalSection(ProjectConfigurationPlatforms) = postSolution
		{4474409D-0154-41C7-9022-B95508C6DDE3}.Debug|Any CPU.ActiveCfg = Debug|Any CPU
		{4474409D-0154-41C7-9022-B95508C6DDE3}.Debug|Any CPU.Build.0 = Debug|Any CPU
		{4474409D-0154-41C7-9022-B95508C6DDE3}.Release|Any CPU.ActiveCfg = Release|Any CPU
		{4474409D-0154-41C7-9022-B95508C6DDE3}.Release|Any CPU.Build.0 = Release|Any CPU
		{6B17BB1A-5BBA-4DC6-95C6-1BEA84B69E1E}.Debug|Any CPU.ActiveCfg = Debug|Any CPU
		{6B17BB1A-5BBA-4DC6-95C6-1BEA84B69E1E}.Debug|Any CPU.Build.0 = Debug|Any CPU
		{6B17BB1A-5BBA-4DC6-95C6-1BEA84B69E1E}.Release|Any CPU.ActiveCfg = Release|Any CPU
		{6B17BB1A-5BBA-4DC6-95C6-1BEA84B69E1E}.Release|Any CPU.Build.0 = Release|Any CPU
	EndGlobalSection
	GlobalSection(SolutionProperties) = preSolution
		HideSolutionNode = FALSE
	EndGlobalSection
EndGlobal
